
Microsoft Visual Studio Solution File, Format Version 12.00
# Visual Studio 14
VisualStudioVersion = 14.0.23107.0
MinimumVisualStudioVersion = 10.0.40219.1
Project("{FAE04EC0-301F-11D3-BF4B-00C04F79EFBC}") = "AmazonProducts", "AmazonProducts\AmazonProducts.csproj", "{C5C4E4A5-1810-4B52-AB86-1B6079271530}"
EndProject
Project("{FAE04EC0-301F-11D3-BF4B-00C04F79EFBC}") = "AmazonProducts.Domain", "AmazonProducts.Domain\AmazonProducts.Domain.csproj", "{7116E1C1-AF46-4890-8515-10904B88D3F8}"
EndProject
Global
	GlobalSection(SolutionConfigurationPlatforms) = preSolution
		Debug|Any CPU = Debug|Any CPU
		Release|Any CPU = Release|Any CPU
	EndGlobalSection
	GlobalSection(ProjectConfigurationPlatforms) = postSolution
		{C5C4E4A5-1810-4B52-AB86-1B6079271530}.Debug|Any CPU.ActiveCfg = Debug|Any CPU
		{C5C4E4A5-1810-4B52-AB86-1B6079271530}.Debug|Any CPU.Build.0 = Debug|Any CPU
		{C5C4E4A5-1810-4B52-AB86-1B6079271530}.Release|Any CPU.ActiveCfg = Release|Any CPU
		{C5C4E4A5-1810-4B52-AB86-1B6079271530}.Release|Any CPU.Build.0 = Release|Any CPU
		{7116E1C1-AF46-4890-8515-10904B88D3F8}.Debug|Any CPU.ActiveCfg = Debug|Any CPU
		{7116E1C1-AF46-4890-8515-10904B88D3F8}.Debug|Any CPU.Build.0 = Debug|Any CPU
		{7116E1C1-AF46-4890-8515-10904B88D3F8}.Release|Any CPU.ActiveCfg = Release|Any CPU
		{7116E1C1-AF46-4890-8515-10904B88D3F8}.Release|Any CPU.Build.0 = Release|Any CPU
	EndGlobalSection
	GlobalSection(SolutionProperties) = preSolution
		HideSolutionNode = FALSE
	EndGlobalSection
EndGlobal
